PODS:
  - DFImageManager (2.0.0):
    - DFImageManager/Core (= 2.0.0)
    - DFImageManager/UI (= 2.0.0)
  - DFImageManager/Core (2.0.0)
  - DFImageManager/UI (2.0.0):
    - DFImageManager/Core
  - Firebase (2.5.0)

DEPENDENCIES:
  - DFImageManager
  - Firebase

SPEC CHECKSUMS:
  DFImageManager: eac2a106f3995312ebdfbd6f591ee43ad505b5fd
  Firebase: 744617c0733b45198f9486ebd5cac64ec2d10d79

PODFILE CHECKSUM: 3f98ff16b17cc6204e026ee5bc4015d122db0096

COCOAPODS: 1.0.0.beta.2
